// !$*UTF8*$!
{
	archiveVersion = 1;
	classes = {
	};
	objectVersion = 77;
	objects = {

/* Begin PBXBuildFile section */
		B10000000000000000000001 /* Models.swift in Sources */ = {isa = PBXBuildFile; fileRef = F10000000000000000000001 /* Models.swift */; };
		B10000000000000000000002 /* SettingsStore.swift in Sources */ = {isa = PBXBuildFile; fileRef = F10000000000000000000002 /* SettingsStore.swift */; };
		B10000000000000000000003 /* ScheduleEngine.swift in Sources */ = {isa = PBXBuildFile; fileRef = F10000000000000000000003 /* ScheduleEngine.swift */; };
		B10000000000000000000004 /* VideoLibrary.swift in Sources */ = {isa = PBXBuildFile; fileRef = F10000000000000000000004 /* VideoLibrary.swift */; };
		B10000000000000000000005 /* SystemActivityMonitor.swift in Sources */ = {isa = PBXBuildFile; fileRef = F10000000000000000000005 /* SystemActivityMonitor.swift */; };
		B10000000000000000000006 /* ScareScheduler.swift in Sources */ = {isa = PBXBuildFile; fileRef = F10000000000000000000006 /* ScareScheduler.swift */; };
		B10000000000000000000007 /* ScareWindowController.swift in Sources */ = {isa = PBXBuildFile; fileRef = F10000000000000000000007 /* ScareWindowController.swift */; };
		B10000000000000000000008 /* ScareCoordinator.swift in Sources */ = {isa = PBXBuildFile; fileRef = F10000000000000000000008 /* ScareCoordinator.swift */; };
		B10000000000000000000009 /* LaunchAtLoginManager.swift in Sources */ = {isa = PBXBuildFile; fileRef = F10000000000000000000009 /* LaunchAtLoginManager.swift */; };
		B1000000000000000000000A /* EmergencyShortcutManager.swift in Sources */ = {isa = PBXBuildFile; fileRef = F1000000000000000000000A /* EmergencyShortcutManager.swift */; };
		B1000000000000000000000B /* SafetyPolicy.swift in Sources */ = {isa = PBXBuildFile; fileRef = F1000000000000000000000B /* SafetyPolicy.swift */; };
		B20000000000000000000001 /* AppState.swift in Sources */ = {isa = PBXBuildFile; fileRef = F20000000000000000000001 /* AppState.swift */; };
		B20000000000000000000002 /* StartleApp.swift in Sources */ = {isa = PBXBuildFile; fileRef = F20000000000000000000002 /* StartleApp.swift */; };
		B20000000000000000000003 /* ContentView.swift in Sources */ = {isa = PBXBuildFile; fileRef = F20000000000000000000003 /* ContentView.swift */; };
		B20000000000000000000004 /* Assets.xcassets in Resources */ = {isa = PBXBuildFile; fileRef = F20000000000000000000004 /* Assets.xcassets */; };
		B20000000000000000000005 /* SampleVideoMetadata.json in Resources */ = {isa = PBXBuildFile; fileRef = F20000000000000000000005 /* SampleVideoMetadata.json */; };
		B20000000000000000000006 /* PrivacyInfo.xcprivacy in Resources */ = {isa = PBXBuildFile; fileRef = F20000000000000000000006 /* PrivacyInfo.xcprivacy */; };
		B20000000000000000000007 /* DashboardView.swift in Sources */ = {isa = PBXBuildFile; fileRef = F20000000000000000000007 /* DashboardView.swift */; };
		B20000000000000000000008 /* VideosView.swift in Sources */ = {isa = PBXBuildFile; fileRef = F20000000000000000000008 /* VideosView.swift */; };
		B20000000000000000000009 /* ScheduleView.swift in Sources */ = {isa = PBXBuildFile; fileRef = F20000000000000000000009 /* ScheduleView.swift */; };
		B2000000000000000000000A /* SafetyView.swift in Sources */ = {isa = PBXBuildFile; fileRef = F2000000000000000000000A /* SafetyView.swift */; };
		B2000000000000000000000B /* AppearanceView.swift in Sources */ = {isa = PBXBuildFile; fileRef = F2000000000000000000000B /* AppearanceView.swift */; };
		B2000000000000000000000C /* OnboardingView.swift in Sources */ = {isa = PBXBuildFile; fileRef = F2000000000000000000000C /* OnboardingView.swift */; };
		B30000000000000000000001 /* ScheduleEngineTests.swift in Sources */ = {isa = PBXBuildFile; fileRef = F30000000000000000000001 /* ScheduleEngineTests.swift */; };
		B30000000000000000000002 /* SettingsStoreTests.swift in Sources */ = {isa = PBXBuildFile; fileRef = F30000000000000000000002 /* SettingsStoreTests.swift */; };
		B30000000000000000000003 /* VideoLibraryTests.swift in Sources */ = {isa = PBXBuildFile; fileRef = F30000000000000000000003 /* VideoLibraryTests.swift */; };
		B30000000000000000000004 /* SafetyPolicyTests.swift in Sources */ = {isa = PBXBuildFile; fileRef = F30000000000000000000004 /* SafetyPolicyTests.swift */; };
		B40000000000000000000001 /* StartleCore.framework in Frameworks */ = {isa = PBXBuildFile; fileRef = P10000000000000000000002 /* StartleCore.framework */; };
		B40000000000000000000002 /* StartleCore.framework in Frameworks */ = {isa = PBXBuildFile; fileRef = P10000000000000000000002 /* StartleCore.framework */; };
		B40000000000000000000003 /* StartleCore.framework in Embed Frameworks */ = {isa = PBXBuildFile; fileRef = P10000000000000000000002 /* StartleCore.framework */; settings = {ATTRIBUTES = (CodeSignOnCopy, RemoveHeadersOnCopy, ); }; };
/* End PBXBuildFile section */

/* Begin PBXContainerItemProxy section */
		C10000000000000000000001 /* PBXContainerItemProxy */ = {
			isa = PBXContainerItemProxy;
			containerPortal = A10000000000000000000001 /* Project object */;
			proxyType = 1;
			remoteGlobalIDString = T10000000000000000000002;
			remoteInfo = StartleCore;
		};
		C10000000000000000000002 /* PBXContainerItemProxy */ = {
			isa = PBXContainerItemProxy;
			containerPortal = A10000000000000000000001 /* Project object */;
			proxyType = 1;
			remoteGlobalIDString = T10000000000000000000002;
			remoteInfo = StartleCore;
		};
/* End PBXContainerItemProxy section */

/* Begin PBXCopyFilesBuildPhase section */
		E10000000000000000000001 /* Embed Frameworks */ = {
			isa = PBXCopyFilesBuildPhase;
			buildActionMask = 2147483647;
			dstPath = "";
			dstSubfolderSpec = 10;
			files = (
				B40000000000000000000003 /* StartleCore.framework in Embed Frameworks */,
			);
			name = "Embed Frameworks";
			runOnlyForDeploymentPostprocessing = 0;
		};
/* End PBXCopyFilesBuildPhase section */

/* Begin PBXFileReference section */
		F10000000000000000000001 /* Models.swift */ = {isa = PBXFileReference; lastKnownFileType = sourcecode.swift; path = Models.swift; sourceTree = "<group>"; };
		F10000000000000000000002 /* SettingsStore.swift */ = {isa = PBXFileReference; lastKnownFileType = sourcecode.swift; path = SettingsStore.swift; sourceTree = "<group>"; };
		F10000000000000000000003 /* ScheduleEngine.swift */ = {isa = PBXFileReference; lastKnownFileType = sourcecode.swift; path = ScheduleEngine.swift; sourceTree = "<group>"; };
		F10000000000000000000004 /* VideoLibrary.swift */ = {isa = PBXFileReference; lastKnownFileType = sourcecode.swift; path = VideoLibrary.swift; sourceTree = "<group>"; };
		F10000000000000000000005 /* SystemActivityMonitor.swift */ = {isa = PBXFileReference; lastKnownFileType = sourcecode.swift; path = SystemActivityMonitor.swift; sourceTree = "<group>"; };
		F10000000000000000000006 /* ScareScheduler.swift */ = {isa = PBXFileReference; lastKnownFileType = sourcecode.swift; path = ScareScheduler.swift; sourceTree = "<group>"; };
		F10000000000000000000007 /* ScareWindowController.swift */ = {isa = PBXFileReference; lastKnownFileType = sourcecode.swift; path = ScareWindowController.swift; sourceTree = "<group>"; };
		F10000000000000000000008 /* ScareCoordinator.swift */ = {isa = PBXFileReference; lastKnownFileType = sourcecode.swift; path = ScareCoordinator.swift; sourceTree = "<group>"; };
		F10000000000000000000009 /* LaunchAtLoginManager.swift */ = {isa = PBXFileReference; lastKnownFileType = sourcecode.swift; path = LaunchAtLoginManager.swift; sourceTree = "<group>"; };
		F1000000000000000000000A /* EmergencyShortcutManager.swift */ = {isa = PBXFileReference; lastKnownFileType = sourcecode.swift; path = EmergencyShortcutManager.swift; sourceTree = "<group>"; };
		F1000000000000000000000B /* SafetyPolicy.swift */ = {isa = PBXFileReference; lastKnownFileType = sourcecode.swift; path = SafetyPolicy.swift; sourceTree = "<group>"; };
		F20000000000000000000001 /* AppState.swift */ = {isa = PBXFileReference; lastKnownFileType = sourcecode.swift; path = AppState.swift; sourceTree = "<group>"; };
		F20000000000000000000002 /* StartleApp.swift */ = {isa = PBXFileReference; lastKnownFileType = sourcecode.swift; path = StartleApp.swift; sourceTree = "<group>"; };
		F20000000000000000000003 /* ContentView.swift */ = {isa = PBXFileReference; lastKnownFileType = sourcecode.swift; path = ContentView.swift; sourceTree = "<group>"; };
		F20000000000000000000004 /* Assets.xcassets */ = {isa = PBXFileReference; lastKnownFileType = folder.assetcatalog; path = Assets.xcassets; sourceTree = "<group>"; };
		F20000000000000000000005 /* SampleVideoMetadata.json */ = {isa = PBXFileReference; lastKnownFileType = text.json; path = SampleVideoMetadata.json; sourceTree = "<group>"; };
		F20000000000000000000006 /* PrivacyInfo.xcprivacy */ = {isa = PBXFileReference; lastKnownFileType = text.xml; path = PrivacyInfo.xcprivacy; sourceTree = "<group>"; };
		F20000000000000000000007 /* DashboardView.swift */ = {isa = PBXFileReference; lastKnownFileType = sourcecode.swift; path = DashboardView.swift; sourceTree = "<group>"; };
		F20000000000000000000008 /* VideosView.swift */ = {isa = PBXFileReference; lastKnownFileType = sourcecode.swift; path = VideosView.swift; sourceTree = "<group>"; };
		F20000000000000000000009 /* ScheduleView.swift */ = {isa = PBXFileReference; lastKnownFileType = sourcecode.swift; path = ScheduleView.swift; sourceTree = "<group>"; };
		F2000000000000000000000A /* SafetyView.swift */ = {isa = PBXFileReference; lastKnownFileType = sourcecode.swift; path = SafetyView.swift; sourceTree = "<group>"; };
		F2000000000000000000000B /* AppearanceView.swift */ = {isa = PBXFileReference; lastKnownFileType = sourcecode.swift; path = AppearanceView.swift; sourceTree = "<group>"; };
		F2000000000000000000000C /* OnboardingView.swift */ = {isa = PBXFileReference; lastKnownFileType = sourcecode.swift; path = OnboardingView.swift; sourceTree = "<group>"; };
		F30000000000000000000001 /* ScheduleEngineTests.swift */ = {isa = PBXFileReference; lastKnownFileType = sourcecode.swift; path = ScheduleEngineTests.swift; sourceTree = "<group>"; };
		F30000000000000000000002 /* SettingsStoreTests.swift */ = {isa = PBXFileReference; lastKnownFileType = sourcecode.swift; path = SettingsStoreTests.swift; sourceTree = "<group>"; };
		F30000000000000000000003 /* VideoLibraryTests.swift */ = {isa = PBXFileReference; lastKnownFileType = sourcecode.swift; path = VideoLibraryTests.swift; sourceTree = "<group>"; };
		F30000000000000000000004 /* SafetyPolicyTests.swift */ = {isa = PBXFileReference; lastKnownFileType = sourcecode.swift; path = SafetyPolicyTests.swift; sourceTree = "<group>"; };
		F40000000000000000000001 /* Startle.entitlements */ = {isa = PBXFileReference; lastKnownFileType = text.plist.entitlements; path = Startle.entitlements; sourceTree = "<group>"; };
		F40000000000000000000002 /* Info.plist */ = {isa = PBXFileReference; lastKnownFileType = text.plist.xml; path = Info.plist; sourceTree = "<group>"; };
		P10000000000000000000001 /* Startle.app */ = {isa = PBXFileReference; explicitFileType = wrapper.application; includeInIndex = 0; path = Startle.app; sourceTree = BUILT_PRODUCTS_DIR; };
		P10000000000000000000002 /* StartleCore.framework */ = {isa = PBXFileReference; explicitFileType = wrapper.framework; includeInIndex = 0; path = StartleCore.framework; sourceTree = BUILT_PRODUCTS_DIR; };
		P10000000000000000000003 /* StartleCoreTests.xctest */ = {isa = PBXFileReference; explicitFileType = wrapper.cfbundle; includeInIndex = 0; path = StartleCoreTests.xctest; sourceTree = BUILT_PRODUCTS_DIR; };
/* End PBXFileReference section */

/* Begin PBXFrameworksBuildPhase section */
		H10000000000000000000001 /* Frameworks */ = {
			isa = PBXFrameworksBuildPhase;
			buildActionMask = 2147483647;
			files = (
				B40000000000000000000001 /* StartleCore.framework in Frameworks */,
			);
			runOnlyForDeploymentPostprocessing = 0;
		};
		H10000000000000000000002 /* Frameworks */ = {
			isa = PBXFrameworksBuildPhase;
			buildActionMask = 2147483647;
			files = (
			);
			runOnlyForDeploymentPostprocessing = 0;
		};
		H10000000000000000000003 /* Frameworks */ = {
			isa = PBXFrameworksBuildPhase;
			buildActionMask = 2147483647;
			files = (
				B40000000000000000000002 /* StartleCore.framework in Frameworks */,
			);
			runOnlyForDeploymentPostprocessing = 0;
		};
/* End PBXFrameworksBuildPhase section */

/* Begin PBXGroup section */
		G10000000000000000000001 = {
			isa = PBXGroup;
			children = (
				G10000000000000000000002 /* StartleCore */,
				G10000000000000000000003 /* StartleApp */,
				G10000000000000000000004 /* StartleCoreTests */,
				G10000000000000000000005 /* Config */,
				G10000000000000000000006 /* Products */,
			);
			sourceTree = "<group>";
		};
		G10000000000000000000002 /* StartleCore */ = {
			isa = PBXGroup;
			children = (
				F10000000000000000000001 /* Models.swift */,
				F10000000000000000000002 /* SettingsStore.swift */,
				F10000000000000000000003 /* ScheduleEngine.swift */,
				F10000000000000000000004 /* VideoLibrary.swift */,
				F10000000000000000000005 /* SystemActivityMonitor.swift */,
				F10000000000000000000006 /* ScareScheduler.swift */,
				F10000000000000000000007 /* ScareWindowController.swift */,
				F10000000000000000000008 /* ScareCoordinator.swift */,
				F10000000000000000000009 /* LaunchAtLoginManager.swift */,
				F1000000000000000000000A /* EmergencyShortcutManager.swift */,
				F1000000000000000000000B /* SafetyPolicy.swift */,
			);
			path = Sources/StartleCore;
			sourceTree = SOURCE_ROOT;
		};
		G10000000000000000000003 /* StartleApp */ = {
			isa = PBXGroup;
			children = (
				F20000000000000000000001 /* AppState.swift */,
				F20000000000000000000002 /* StartleApp.swift */,
				F20000000000000000000003 /* ContentView.swift */,
				F20000000000000000000007 /* DashboardView.swift */,
				F20000000000000000000008 /* VideosView.swift */,
				F20000000000000000000009 /* ScheduleView.swift */,
				F2000000000000000000000A /* SafetyView.swift */,
				F2000000000000000000000B /* AppearanceView.swift */,
				F2000000000000000000000C /* OnboardingView.swift */,
				G10000000000000000000007 /* Resources */,
			);
			path = Sources/StartleApp;
			sourceTree = SOURCE_ROOT;
		};
		G10000000000000000000004 /* StartleCoreTests */ = {
			isa = PBXGroup;
			children = (
				F30000000000000000000001 /* ScheduleEngineTests.swift */,
				F30000000000000000000002 /* SettingsStoreTests.swift */,
				F30000000000000000000003 /* VideoLibraryTests.swift */,
				F30000000000000000000004 /* SafetyPolicyTests.swift */,
			);
			path = Tests/StartleCoreTests;
			sourceTree = SOURCE_ROOT;
		};
		G10000000000000000000005 /* Config */ = {
			isa = PBXGroup;
			children = (
				F40000000000000000000001 /* Startle.entitlements */,
				F40000000000000000000002 /* Info.plist */,
			);
			path = Config;
			sourceTree = SOURCE_ROOT;
		};
		G10000000000000000000006 /* Products */ = {
			isa = PBXGroup;
			children = (
				P10000000000000000000001 /* Startle.app */,
				P10000000000000000000002 /* StartleCore.framework */,
				P10000000000000000000003 /* StartleCoreTests.xctest */,
			);
			name = Products;
			sourceTree = "<group>";
		};
		G10000000000000000000007 /* Resources */ = {
			isa = PBXGroup;
			children = (
				F20000000000000000000004 /* Assets.xcassets */,
				F20000000000000000000005 /* SampleVideoMetadata.json */,
				F20000000000000000000006 /* PrivacyInfo.xcprivacy */,
			);
			path = Resources;
			sourceTree = "<group>";
		};
/* End PBXGroup section */

/* Begin PBXNativeTarget section */
		T10000000000000000000001 /* Startle */ = {
			isa = PBXNativeTarget;
			buildConfigurationList = L20000000000000000000001 /* Build configuration list for PBXNativeTarget "Startle" */;
			buildPhases = (
				S20000000000000000000001 /* Sources */,
				H10000000000000000000001 /* Frameworks */,
				E10000000000000000000001 /* Embed Frameworks */,
				R10000000000000000000001 /* Resources */,
			);
			buildRules = (
			);
			dependencies = (
				D10000000000000000000001 /* PBXTargetDependency */,
			);
			name = Startle;
			productName = Startle;
			productReference = P10000000000000000000001 /* Startle.app */;
			productType = "com.apple.product-type.application";
		};
		T10000000000000000000002 /* StartleCore */ = {
			isa = PBXNativeTarget;
			buildConfigurationList = L20000000000000000000002 /* Build configuration list for PBXNativeTarget "StartleCore" */;
			buildPhases = (
				S20000000000000000000002 /* Sources */,
				H10000000000000000000002 /* Frameworks */,
			);
			buildRules = (
			);
			dependencies = (
			);
			name = StartleCore;
			productName = StartleCore;
			productReference = P10000000000000000000002 /* StartleCore.framework */;
			productType = "com.apple.product-type.framework";
		};
		T10000000000000000000003 /* StartleCoreTests */ = {
			isa = PBXNativeTarget;
			buildConfigurationList = L20000000000000000000003 /* Build configuration list for PBXNativeTarget "StartleCoreTests" */;
			buildPhases = (
				S20000000000000000000003 /* Sources */,
				H10000000000000000000003 /* Frameworks */,
			);
			buildRules = (
			);
			dependencies = (
				D10000000000000000000002 /* PBXTargetDependency */,
			);
			name = StartleCoreTests;
			productName = StartleCoreTests;
			productReference = P10000000000000000000003 /* StartleCoreTests.xctest */;
			productType = "com.apple.product-type.bundle.unit-test";
		};
/* End PBXNativeTarget section */

/* Begin PBXProject section */
		A10000000000000000000001 /* Project object */ = {
			isa = PBXProject;
			attributes = {
				BuildIndependentTargetsInParallel = 1;
				LastSwiftUpdateCheck = 1600;
				LastUpgradeCheck = 1600;
				TargetAttributes = {
					T10000000000000000000001 = {
						CreatedOnToolsVersion = 16.0;
					};
					T10000000000000000000002 = {
						CreatedOnToolsVersion = 16.0;
					};
					T10000000000000000000003 = {
						CreatedOnToolsVersion = 16.0;
					};
				};
			};
			buildConfigurationList = L10000000000000000000001 /* Build configuration list for PBXProject "Startle" */;
			compatibilityVersion = "Xcode 16.0";
			developmentRegion = en;
			hasScannedForEncodings = 0;
			knownRegions = (
				en,
				Base,
			);
			mainGroup = G10000000000000000000001;
			productRefGroup = G10000000000000000000006 /* Products */;
			projectDirPath = "";
			projectRoot = "";
			targets = (
				T10000000000000000000001 /* Startle */,
				T10000000000000000000002 /* StartleCore */,
				T10000000000000000000003 /* StartleCoreTests */,
			);
		};
/* End PBXProject section */

/* Begin PBXResourcesBuildPhase section */
		R10000000000000000000001 /* Resources */ = {
			isa = PBXResourcesBuildPhase;
			buildActionMask = 2147483647;
			files = (
				B20000000000000000000004 /* Assets.xcassets in Resources */,
				B20000000000000000000005 /* SampleVideoMetadata.json in Resources */,
				B20000000000000000000006 /* PrivacyInfo.xcprivacy in Resources */,
			);
			runOnlyForDeploymentPostprocessing = 0;
		};
/* End PBXResourcesBuildPhase section */

/* Begin PBXSourcesBuildPhase section */
		S20000000000000000000001 /* Sources */ = {
			isa = PBXSourcesBuildPhase;
			buildActionMask = 2147483647;
			files = (
				B20000000000000000000001 /* AppState.swift in Sources */,
				B20000000000000000000002 /* StartleApp.swift in Sources */,
				B20000000000000000000003 /* ContentView.swift in Sources */,
				B20000000000000000000007 /* DashboardView.swift in Sources */,
				B20000000000000000000008 /* VideosView.swift in Sources */,
				B20000000000000000000009 /* ScheduleView.swift in Sources */,
				B2000000000000000000000A /* SafetyView.swift in Sources */,
				B2000000000000000000000B /* AppearanceView.swift in Sources */,
				B2000000000000000000000C /* OnboardingView.swift in Sources */,
			);
			runOnlyForDeploymentPostprocessing = 0;
		};
		S20000000000000000000002 /* Sources */ = {
			isa = PBXSourcesBuildPhase;
			buildActionMask = 2147483647;
			files = (
				B10000000000000000000001 /* Models.swift in Sources */,
				B10000000000000000000002 /* SettingsStore.swift in Sources */,
				B10000000000000000000003 /* ScheduleEngine.swift in Sources */,
				B10000000000000000000004 /* VideoLibrary.swift in Sources */,
				B10000000000000000000005 /* SystemActivityMonitor.swift in Sources */,
				B10000000000000000000006 /* ScareScheduler.swift in Sources */,
				B10000000000000000000007 /* ScareWindowController.swift in Sources */,
				B10000000000000000000008 /* ScareCoordinator.swift in Sources */,
				B10000000000000000000009 /* LaunchAtLoginManager.swift in Sources */,
				B1000000000000000000000A /* EmergencyShortcutManager.swift in Sources */,
				B1000000000000000000000B /* SafetyPolicy.swift in Sources */,
			);
			runOnlyForDeploymentPostprocessing = 0;
		};
		S20000000000000000000003 /* Sources */ = {
			isa = PBXSourcesBuildPhase;
			buildActionMask = 2147483647;
			files = (
				B30000000000000000000001 /* ScheduleEngineTests.swift in Sources */,
				B30000000000000000000002 /* SettingsStoreTests.swift in Sources */,
				B30000000000000000000003 /* VideoLibraryTests.swift in Sources */,
				B30000000000000000000004 /* SafetyPolicyTests.swift in Sources */,
			);
			runOnlyForDeploymentPostprocessing = 0;
		};
/* End PBXSourcesBuildPhase section */

/* Begin PBXTargetDependency section */
		D10000000000000000000001 /* PBXTargetDependency */ = {
			isa = PBXTargetDependency;
			target = T10000000000000000000002 /* StartleCore */;
			targetProxy = C10000000000000000000001 /* PBXContainerItemProxy */;
		};
		D10000000000000000000002 /* PBXTargetDependency */ = {
			isa = PBXTargetDependency;
			target = T10000000000000000000002 /* StartleCore */;
			targetProxy = C10000000000000000000002 /* PBXContainerItemProxy */;
		};
/* End PBXTargetDependency section */

/* Begin XCBuildConfiguration section */
		C20000000000000000000001 /* Debug */ = {
			isa = XCBuildConfiguration;
			buildSettings = {
				CLANG_ENABLE_MODULES = YES;
				ENABLE_TESTABILITY = YES;
				MACOSX_DEPLOYMENT_TARGET = 14.0;
				SDKROOT = macosx;
				SWIFT_ACTIVE_COMPILATION_CONDITIONS = DEBUG;
				SWIFT_OPTIMIZATION_LEVEL = "-Onone";
				SWIFT_VERSION = 5.0;
			};
			name = Debug;
		};
		C20000000000000000000002 /* Release */ = {
			isa = XCBuildConfiguration;
			buildSettings = {
				CLANG_ENABLE_MODULES = YES;
				MACOSX_DEPLOYMENT_TARGET = 14.0;
				SDKROOT = macosx;
				SWIFT_COMPILATION_MODE = wholemodule;
				SWIFT_OPTIMIZATION_LEVEL = "-O";
				SWIFT_VERSION = 5.0;
			};
			name = Release;
		};
		C20000000000000000000003 /* Debug */ = {
			isa = XCBuildConfiguration;
			buildSettings = {
				ASSETCATALOG_COMPILER_APPICON_NAME = AppIcon;
				CODE_SIGN_ENTITLEMENTS = Config/Startle.entitlements;
				CODE_SIGN_STYLE = Automatic;
				CURRENT_PROJECT_VERSION = 1;
				ENABLE_HARDENED_RUNTIME = YES;
				GENERATE_INFOPLIST_FILE = NO;
				INFOPLIST_FILE = Config/Info.plist;
				LD_RUNPATH_SEARCH_PATHS = (
					"$(inherited)",
					"@executable_path/../Frameworks",
				);
				MACOSX_DEPLOYMENT_TARGET = 14.0;
				MARKETING_VERSION = 1.0;
				PRODUCT_BUNDLE_IDENTIFIER = com.startle.app;
				PRODUCT_NAME = "$(TARGET_NAME)";
				SWIFT_EMIT_LOC_STRINGS = YES;
				SWIFT_VERSION = 5.0;
			};
			name = Debug;
		};
		C20000000000000000000004 /* Release */ = {
			isa = XCBuildConfiguration;
			buildSettings = {
				ASSETCATALOG_COMPILER_APPICON_NAME = AppIcon;
				CODE_SIGN_ENTITLEMENTS = Config/Startle.entitlements;
				CODE_SIGN_STYLE = Automatic;
				CURRENT_PROJECT_VERSION = 1;
				ENABLE_HARDENED_RUNTIME = YES;
				GENERATE_INFOPLIST_FILE = NO;
				INFOPLIST_FILE = Config/Info.plist;
				LD_RUNPATH_SEARCH_PATHS = (
					"$(inherited)",
					"@executable_path/../Frameworks",
				);
				MACOSX_DEPLOYMENT_TARGET = 14.0;
				MARKETING_VERSION = 1.0;
				PRODUCT_BUNDLE_IDENTIFIER = com.startle.app;
				PRODUCT_NAME = "$(TARGET_NAME)";
				SWIFT_COMPILATION_MODE = wholemodule;
				SWIFT_OPTIMIZATION_LEVEL = "-O";
				SWIFT_VERSION = 5.0;
			};
			name = Release;
		};
		C20000000000000000000005 /* Debug */ = {
			isa = XCBuildConfiguration;
			buildSettings = {
				DEFINES_MODULE = YES;
				DYLIB_COMPATIBILITY_VERSION = 1;
				DYLIB_CURRENT_VERSION = 1;
				DYLIB_INSTALL_NAME_BASE = "@rpath";
				GENERATE_INFOPLIST_FILE = YES;
				INSTALL_PATH = "$(LOCAL_LIBRARY_DIR)/Frameworks";
				MACOSX_DEPLOYMENT_TARGET = 14.0;
				PRODUCT_BUNDLE_IDENTIFIER = com.startle.core;
				PRODUCT_NAME = "$(TARGET_NAME:c99extidentifier)";
				SKIP_INSTALL = YES;
				SWIFT_VERSION = 5.0;
			};
			name = Debug;
		};
		C20000000000000000000006 /* Release */ = {
			isa = XCBuildConfiguration;
			buildSettings = {
				DEFINES_MODULE = YES;
				DYLIB_COMPATIBILITY_VERSION = 1;
				DYLIB_CURRENT_VERSION = 1;
				DYLIB_INSTALL_NAME_BASE = "@rpath";
				GENERATE_INFOPLIST_FILE = YES;
				INSTALL_PATH = "$(LOCAL_LIBRARY_DIR)/Frameworks";
				MACOSX_DEPLOYMENT_TARGET = 14.0;
				PRODUCT_BUNDLE_IDENTIFIER = com.startle.core;
				PRODUCT_NAME = "$(TARGET_NAME:c99extidentifier)";
				SKIP_INSTALL = YES;
				SWIFT_COMPILATION_MODE = wholemodule;
				SWIFT_OPTIMIZATION_LEVEL = "-O";
				SWIFT_VERSION = 5.0;
			};
			name = Release;
		};
		C20000000000000000000007 /* Debug */ = {
			isa = XCBuildConfiguration;
			buildSettings = {
				BUNDLE_LOADER = "";
				GENERATE_INFOPLIST_FILE = YES;
				MACOSX_DEPLOYMENT_TARGET = 14.0;
				PRODUCT_BUNDLE_IDENTIFIER = com.startle.tests;
				PRODUCT_NAME = "$(TARGET_NAME)";
				SWIFT_VERSION = 5.0;
			};
			name = Debug;
		};
		C20000000000000000000008 /* Release */ = {
			isa = XCBuildConfiguration;
			buildSettings = {
				BUNDLE_LOADER = "";
				GENERATE_INFOPLIST_FILE = YES;
				MACOSX_DEPLOYMENT_TARGET = 14.0;
				PRODUCT_BUNDLE_IDENTIFIER = com.startle.tests;
				PRODUCT_NAME = "$(TARGET_NAME)";
				SWIFT_COMPILATION_MODE = wholemodule;
				SWIFT_OPTIMIZATION_LEVEL = "-O";
				SWIFT_VERSION = 5.0;
			};
			name = Release;
		};
/* End XCBuildConfiguration section */

/* Begin XCConfigurationList section */
		L10000000000000000000001 /* Build configuration list for PBXProject "Startle" */ = {
			isa = XCConfigurationList;
			buildConfigurations = (
				C20000000000000000000001 /* Debug */,
				C20000000000000000000002 /* Release */,
			);
			defaultConfigurationIsVisible = 0;
			defaultConfigurationName = Release;
		};
		L20000000000000000000001 /* Build configuration list for PBXNativeTarget "Startle" */ = {
			isa = XCConfigurationList;
			buildConfigurations = (
				C20000000000000000000003 /* Debug */,
				C20000000000000000000004 /* Release */,
			);
			defaultConfigurationIsVisible = 0;
			defaultConfigurationName = Release;
		};
		L20000000000000000000002 /* Build configuration list for PBXNativeTarget "StartleCore" */ = {
			isa = XCConfigurationList;
			buildConfigurations = (
				C20000000000000000000005 /* Debug */,
				C20000000000000000000006 /* Release */,
			);
			defaultConfigurationIsVisible = 0;
			defaultConfigurationName = Release;
		};
		L20000000000000000000003 /* Build configuration list for PBXNativeTarget "StartleCoreTests" */ = {
			isa = XCConfigurationList;
			buildConfigurations = (
				C20000000000000000000007 /* Debug */,
				C20000000000000000000008 /* Release */,
			);
			defaultConfigurationIsVisible = 0;
			defaultConfigurationName = Release;
		};
/* End XCConfigurationList section */
	};
	rootObject = A10000000000000000000001 /* Project object */;
}
